// !$*UTF8*$!
{
	archiveVersion = 1;
	classes = {
	};
	objectVersion = 48;
	objects = {

/* Begin PBXBuildFile section */
		667F59DB1F9F7F1E00C89849 /* AppDelegate.swift in Sources */ = {isa = PBXBuildFile; fileRef = 667F59DA1F9F7F1E00C89849 /* AppDelegate.swift */; };
		667F59DD1F9F7F1E00C89849 /* ViewController.swift in Sources */ = {isa = PBXBuildFile; fileRef = 667F59DC1F9F7F1E00C89849 /* ViewController.swift */; };
		667F59E01F9F7F1E00C89849 /* Main.storyboard in Resources */ = {isa = PBXBuildFile; fileRef = 667F59DE1F9F7F1E00C89849 /* Main.storyboard */; };
		667F59E21F9F7F1E00C89849 /* Assets.xcassets in Resources */ = {isa = PBXBuildFile; fileRef = 667F59E11F9F7F1E00C89849 /* Assets.xcassets */; };
		667F59E51F9F7F1E00C89849 /* LaunchScreen.storyboard in Resources */ = {isa = PBXBuildFile; fileRef = 667F59E31F9F7F1E00C89849 /* LaunchScreen.storyboard */; };
/* End PBXBuildFile section */

/* Begin PBXFileReference section */
		667F59D71F9F7F1E00C89849 /* ColorPalette.app */ = {isa = PBXFileReference; explicitFileType = wrapper.application; includeInIndex = 0; path = ColorPalette.app; sourceTree = BUILT_PRODUCTS_DIR; };
		667F59DA1F9F7F1E00C89849 /* AppDelegate.swift */ = {isa = PBXFileReference; lastKnownFileType = sourcecode.swift; path = AppDelegate.swift; sourceTree = "<group>"; };
		667F59DC1F9F7F1E00C89849 /* ViewController.swift */ = {isa = PBXFileReference; lastKnownFileType = sourcecode.swift; path = ViewController.swift; sourceTree = "<group>"; };
		667F59DF1F9F7F1E00C89849 /* Base */ = {isa = PBXFileReference; lastKnownFileType = file.storyboard; name = Base; path = Base.lproj/Main.storyboard; sourceTree = "<group>"; };
		667F59E11F9F7F1E00C89849 /* Assets.xcassets */ = {isa = PBXFileReference; lastKnownFileType = folder.assetcatalog; path = Assets.xcassets; sourceTree = "<group>"; };
		667F59E41F9F7F1E00C89849 /* Base */ = {isa = PBXFileReference; lastKnownFileType = file.storyboard; name = Base; path = Base.lproj/LaunchScreen.storyboard; sourceTree = "<group>"; };
		667F59E61F9F7F1E00C89849 /* Info.plist */ = {isa = PBXFileReference; lastKnownFileType = text.plist.xml; path = Info.plist; sourceTree = "<group>"; };
/* End PBXFileReference section */

/* Begin PBXFrameworksBuildPhase section */
		667F59D41F9F7F1E00C89849 /* Frameworks */ = {
			isa = PBXFrameworksBuildPhase;
			buildActionMask = 2147483647;
			files = (
			);
			runOnlyForDeploymentPostprocessing = 0;
		};
/* End PBXFrameworksBuildPhase section */

/* Begin PBXGroup section */
		667F59CE1F9F7F1E00C89849 = {
			isa = PBXGroup;
			children = (
				667F59D91F9F7F1E00C89849 /* ColorPalette */,
				667F59D81F9F7F1E00C89849 /* Products */,
			);
			sourceTree = "<group>";
		};
		667F59D81F9F7F1E00C89849 /* Products */ = {
			isa = PBXGroup;
			children = (
				667F59D71F9F7F1E00C89849 /* ColorPalette.app */,
			);
			name = Products;
			sourceTree = "<group>";
		};
		667F59D91F9F7F1E00C89849 /* ColorPalette */ = {
			isa = PBXGroup;
			children = (
				667F59DA1F9F7F1E00C89849 /* AppDelegate.swift */,
				667F59DC1F9F7F1E00C89849 /* ViewController.swift */,
				667F59DE1F9F7F1E00C89849 /* Main.storyboard */,
				667F59E11F9F7F1E00C89849 /* Assets.xcassets */,
				667F59E31F9F7F1E00C89849 /* LaunchScreen.storyboard */,
				667F59E61F9F7F1E00C89849 /* Info.plist */,
			);
			path = ColorPalette;
			sourceTree = "<group>";
		};
/* End PBXGroup section */

/* Begin PBXNativeTarget section */
		667F59D61F9F7F1E00C89849 /* ColorPalette */ = {
			isa = PBXNativeTarget;
			buildConfigurationList = 667F59E91F9F7F1E00C89849 /* Build configuration list for PBXNativeTarget "ColorPalette" */;
			buildPhases = (
				667F59D31F9F7F1E00C89849 /* Sources */,
				667F59D41F9F7F1E00C89849 /* Frameworks */,
				667F59D51F9F7F1E00C89849 /* Resources */,
			);
			buildRules = (
			);
			dependencies = (
			);
			name = ColorPalette;
			productName = ColorPalette;
			productReference = 667F59D71F9F7F1E00C89849 /* ColorPalette.app */;
			productType = "com.apple.product-type.application";
		};
/* End PBXNativeTarget section */

/* Begin PBXProject section */
		667F59CF1F9F7F1E00C89849 /* Project object */ = {
			isa = PBXProject;
			attributes = {
				LastSwiftUpdateCheck = 0900;
				LastUpgradeCheck = 0900;
				ORGANIZATIONNAME = perry;
				TargetAttributes = {
					667F59D61F9F7F1E00C89849 = {
						CreatedOnToolsVersion = 9.0;
						ProvisioningStyle = Automatic;
					};
				};
			};
			buildConfigurationList = 667F59D21F9F7F1E00C89849 /* Build configuration list for PBXProject "ColorPalette" */;
			compatibilityVersion = "Xcode 8.0";
			developmentRegion = en;
			hasScannedForEncodings = 0;
			knownRegions = (
				en,
				Base,
			);
			mainGroup = 667F59CE1F9F7F1E00C89849;
			productRefGroup = 667F59D81F9F7F1E00C89849 /* Products */;
			projectDirPath = "";
			projectRoot = "";
			targets = (
				667F59D61F9F7F1E00C89849 /* ColorPalette */,
			);
		};
/* End PBXProject section */

/* Begin PBXResourcesBuildPhase section */
		667F59D51F9F7F1E00C89849 /* Resources */ = {
			isa = PBXResourcesBuildPhase;
			buildActionMask = 2147483647;
			files = (
				667F59E51F9F7F1E00C89849 /* LaunchScreen.storyboard in Resources */,
				667F59E21F9F7F1E00C89849 /* Assets.xcassets in Resources */,
				667F59E01F9F7F1E00C89849 /* Main.storyboard in Resources */,
			);
			runOnlyForDeploymentPostprocessing = 0;
		};
/* End PBXResourcesBuildPhase section */

/* Begin PBXSourcesBuildPhase section */
		667F59D31F9F7F1E00C89849 /* Sources */ = {
			isa = PBXSourcesBuildPhase;
			buildActionMask = 2147483647;
			files = (
				667F59DD1F9F7F1E00C89849 /* ViewController.swift in Sources */,
				667F59DB1F9F7F1E00C89849 /* AppDelegate.swift in Sources */,
			);
			runOnlyForDeploymentPostprocessing = 0;
		};
/* End PBXSourcesBuildPhase section */

/* Begin PBXVariantGroup section */
		667F59DE1F9F7F1E00C89849 /* Main.storyboard */ = {
			isa = PBXVariantGroup;
			children = (
				667F59DF1F9F7F1E00C89849 /* Base */,
			);
			name = Main.storyboard;
			sourceTree = "<group>";
		};
		667F59E31F9F7F1E00C89849 /* LaunchScreen.storyboard */ = {
			isa = PBXVariantGroup;
			children = (
				667F59E41F9F7F1E00C89849 /* Base */,
			);
			name = LaunchScreen.storyboard;
			sourceTree = "<group>";
		};
/* End PBXVariantGroup section */

/* Begin XCBuildConfiguration section */
		667F59E71F9F7F1E00C89849 /* Debug */ = {
			isa = XCBuildConfiguration;
			buildSettings = {
				ALWAYS_SEARCH_USER_PATHS = NO;
				CLANG_ANALYZER_NONNULL = YES;
				CLANG_ANALYZER_NUMBER_OBJECT_CONVERSION = YES_AGGRESSIVE;
				CLANG_CXX_LANGUAGE_STANDARD = "gnu++14";
				CLANG_CXX_LIBRARY = "libc++";
				CLANG_ENABLE_MODULES = YES;
				CLANG_ENABLE_OBJC_ARC = YES;
				CLANG_WARN_BLOCK_CAPTURE_AUTORELEASING = YES;
				CLANG_WARN_BOOL_CONVERSION = YES;
				CLANG_WARN_COMMA = YES;
				CLANG_WARN_CONSTANT_CONVERSION = YES;
				CLANG_WARN_DIRECT_OBJC_ISA_USAGE = YES_ERROR;
				CLANG_WARN_DOCUMENTATION_COMMENTS = YES;
				CLANG_WARN_EMPTY_BODY = YES;
				CLANG_WARN_ENUM_CONVERSION = YES;
				CLANG_WARN_INFINITE_RECURSION = YES;
				CLANG_WARN_INT_CONVERSION = YES;
				CLANG_WARN_NON_LITERAL_NULL_CONVERSION = YES;
				CLANG_WARN_OBJC_LITERAL_CONVERSION = YES;
				CLANG_WARN_OBJC_ROOT_CLASS = YES_ERROR;
				CLANG_WARN_RANGE_LOOP_ANALYSIS = YES;
				CLANG_WARN_STRICT_PROTOTYPES = YES;
				CLANG_WARN_SUSPICIOUS_MOVE = YES;
				CLANG_WARN_UNGUARDED_AVAILABILITY = YES_AGGRESSIVE;
				CLANG_WARN_UNREACHABLE_CODE = YES;
				CLANG_WARN__DUPLICATE_METHOD_MATCH = YES;
				CODE_SIGN_IDENTITY = "iPhone Developer";
				COPY_PHASE_STRIP = NO;
				DEBUG_INFORMATION_FORMAT = dwarf;
				ENABLE_STRICT_OBJC_MSGSEND = YES;
				ENABLE_TESTABILITY = YES;
				GCC_C_LANGUAGE_STANDARD = gnu11;
				GCC_DYNAMIC_NO_PIC = NO;
				GCC_NO_COMMON_BLOCKS = YES;
				GCC_OPTIMIZATION_LEVEL = 0;
				GCC_PREPROCESSOR_DEFINITIONS = (
					"DEBUG=1",
					"$(inherited)",
				);
				GCC_WARN_64_TO_32_BIT_CONVERSION = YES;
				GCC_WARN_ABOUT_RETURN_TYPE = YES_ERROR;
				GCC_WARN_UNDECLARED_SELECTOR = YES;
				GCC_WARN_UNINITIALIZED_AUTOS = YES_AGGRESSIVE;
				GCC_WARN_UNUSED_FUNCTION = YES;
				GCC_WARN_UNUSED_VARIABLE = YES;
				IPHONEOS_DEPLOYMENT_TARGET = 11.0;
				MTL_ENABLE_DEBUG_INFO = YES;
				ONLY_ACTIVE_ARCH = YES;
				SDKROOT = iphoneos;
				SWIFT_ACTIVE_COMPILATION_CONDITIONS = DEBUG;
				SWIFT_OPTIMIZATION_LEVEL = "-Onone";
			};
			name = Debug;
		};
		667F59E81F9F7F1E00C89849 /* Release */ = {
			isa = XCBuildConfiguration;
			buildSettings = {
				ALWAYS_SEARCH_USER_PATHS = NO;
				CLANG_ANALYZER_NONNULL = YES;
				CLANG_ANALYZER_NUMBER_OBJECT_CONVERSION = YES_AGGRESSIVE;
				CLANG_CXX_LANGUAGE_STANDARD = "gnu++14";
				CLANG_CXX_LIBRARY = "libc++";
				CLANG_ENABLE_MODULES = YES;
				CLANG_ENABLE_OBJC_ARC = YES;
				CLANG_WARN_BLOCK_CAPTURE_AUTORELEASING = YES;
				CLANG_WARN_BOOL_CONVERSION = YES;
				CLANG_WARN_COMMA = YES;
				CLANG_WARN_CONSTANT_CONVERSION = YES;
				CLANG_WARN_DIRECT_OBJC_ISA_USAGE = YES_ERROR;
				CLANG_WARN_DOCUMENTATION_COMMENTS = YES;
				CLANG_WARN_EMPTY_BODY = YES;
				CLANG_WARN_ENUM_CONVERSION = YES;
				CLANG_WARN_INFINITE_RECURSION = YES;
				CLANG_WARN_INT_CONVERSION = YES;
				CLANG_WARN_NON_LITERAL_NULL_CONVERSION = YES;
				CLANG_WARN_OBJC_LITERAL_CONVERSION = YES;
				CLANG_WARN_OBJC_ROOT_CLASS = YES_ERROR;
				CLANG_WARN_RANGE_LOOP_ANALYSIS = YES;
				CLANG_WARN_STRICT_PROTOTYPES = YES;
				CLANG_WARN_SUSPICIOUS_MOVE = YES;
				CLANG_WARN_UNGUARDED_AVAILABILITY = YES_AGGRESSIVE;
				CLANG_WARN_UNREACHABLE_CODE = YES;
				CLANG_WARN__DUPLICATE_METHOD_MATCH = YES;
				CODE_SIGN_IDENTITY = "iPhone Developer";
				COPY_PHASE_STRIP = NO;
				DEBUG_INFORMATION_FORMAT = "dwarf-with-dsym";
				ENABLE_NS_ASSERTIONS = NO;
				ENABLE_STRICT_OBJC_MSGSEND = YES;
				GCC_C_LANGUAGE_STANDARD = gnu11;
				GCC_NO_COMMON_BLOCKS = YES;
				GCC_WARN_64_TO_32_BIT_CONVERSION = YES;
				GCC_WARN_ABOUT_RETURN_TYPE = YES_ERROR;
				GCC_WARN_UNDECLARED_SELECTOR = YES;
				GCC_WARN_UNINITIALIZED_AUTOS = YES_AGGRESSIVE;
				GCC_WARN_UNUSED_FUNCTION = YES;
				GCC_WARN_UNUSED_VARIABLE = YES;
				IPHONEOS_DEPLOYMENT_TARGET = 11.0;
				MTL_ENABLE_DEBUG_INFO = NO;
				SDKROOT = iphoneos;
				SWIFT_OPTIMIZATION_LEVEL = "-Owholemodule";
				VALIDATE_PRODUCT = YES;
			};
			name = Release;
		};
		667F59EA1F9F7F1E00C89849 /* Debug */ = {
			isa = XCBuildConfiguration;
			buildSettings = {
				ASSETCATALOG_COMPILER_APPICON_NAME = AppIcon;
				CODE_SIGN_STYLE = Automatic;
				DEVELOPMENT_TEAM = 52FN9F8R4F;
				INFOPLIST_FILE = ColorPalette/Info.plist;
				LD_RUNPATH_SEARCH_PATHS = "$(inherited) @executable_path/Frameworks";
				PRODUCT_BUNDLE_IDENTIFIER = com.perry.ColorPalette;
				PRODUCT_NAME = "$(TARGET_NAME)";
				SWIFT_VERSION = 4.0;
				TARGETED_DEVICE_FAMILY = "1,2";
			};
			name = Debug;
		};
		667F59EB1F9F7F1E00C89849 /* Release */ = {
			isa = XCBuildConfiguration;
			buildSettings = {
				ASSETCATALOG_COMPILER_APPICON_NAME = AppIcon;
				CODE_SIGN_STYLE = Automatic;
				DEVELOPMENT_TEAM = 52FN9F8R4F;
				INFOPLIST_FILE = ColorPalette/Info.plist;
				LD_RUNPATH_SEARCH_PATHS = "$(inherited) @executable_path/Frameworks";
				PRODUCT_BUNDLE_IDENTIFIER = com.perry.ColorPalette;
				PRODUCT_NAME = "$(TARGET_NAME)";
				SWIFT_VERSION = 4.0;
				TARGETED_DEVICE_FAMILY = "1,2";
			};
			name = Release;
		};
/* End XCBuildConfiguration section */

/* Begin XCConfigurationList section */
		667F59D21F9F7F1E00C89849 /* Build configuration list for PBXProject "ColorPalette" */ = {
			isa = XCConfigurationList;
			buildConfigurations = (
				667F59E71F9F7F1E00C89849 /* Debug */,
				667F59E81F9F7F1E00C89849 /* Release */,
			);
			defaultConfigurationIsVisible = 0;
			defaultConfigurationName = Release;
		};
		667F59E91F9F7F1E00C89849 /* Build configuration list for PBXNativeTarget "ColorPalette" */ = {
			isa = XCConfigurationList;
			buildConfigurations = (
				667F59EA1F9F7F1E00C89849 /* Debug */,
				667F59EB1F9F7F1E00C89849 /* Release */,
			);
			defaultConfigurationIsVisible = 0;
			defaultConfigurationName = Release;
		};
/* End XCConfigurationList section */
	};
	rootObject = 667F59CF1F9F7F1E00C89849 /* Project object */;
}
